{
  "nodes": {
    "devenv": {
      "locked": {
        "dir": "src/modules",
        "lastModified": 1785535680,
        "narHash": "sha256-EUiE7qvwa4/YEjq3LP/NhUTGC+5azthJIRd4uA8Bdmc=",
        "owner": "cachix",
        "repo": "devenv",
        "rev": "3e42c6e8268f8bbee09ec0685e9281abe3cf2109",
        "type": "github"
      },
      "original": {
        "dir": "src/modules",
        "owner": "cachix",
        "repo": "devenv",
        "type": "github"
      }
    },
    "nixpkgs": {
      "locked": {
        "lastModified": 1785452004,
        "narHash": "sha256-k94ksv7XmaLeK5sE1ST/TTdu2aDEO9sfbcgEaNJPTXA=",
        "owner": "NixOS",
        "repo": "nixpkgs",
        "rev": "a5e9f2fd9ef6011c6886d6935f3ef678c81385fa",
        "type": "github"
      },
      "original": {
        "owner": "NixOS",
        "ref": "nixpkgs-unstable",
        "repo": "nixpkgs",
        "type": "github"
      }
    },
    "root": {
      "inputs": {
        "devenv": "devenv",
        "nixpkgs": "nixpkgs"
      }
    }
  },
  "root": "root",
  "version": 7
}